train:
  cmd: python -m weasel run train
  script:
    - python -m spacy train configs/spancat_molecular.cfg -o training/2024-04-03_21-41-57-cuda-1
      --gpu-id 1 --training.logger.run_name 2024-04-03_21-41-57-cuda-1 --paths.base
      ../data/molecular_2024_04_03 --code chunk_and_ngram_suggester.py --components.transformer_spancat.model.name
      deepset/gbert-base
  deps:
    - path: ../data/molecular_2024_04_03/train.spacy
      md5: 4ed5e337f0f705c52e50cd510e1798ea
    - path: ../data/molecular_2024_04_03/validation.spacy
      md5: d44fd031b7063d630ba4deadb21ffef8
    - path: configs/spancat_molecular.cfg
      md5: ec9066c1a5a75fdd6837ae517b9ba42c
  outs:
    - path: training/model-best
      md5: null
